
Microsoft Visual Studio Solution File, Format Version 12.00
# Visual Studio Version 17
VisualStudioVersion = 17.3.32929.385
MinimumVisualStudioVersion = 10.0.40219.1
Project("{FAE04EC0-301F-11D3-BF4B-00C04F79EFBC}") = "AzureNightcrawler.Functions", "AzureNightcrawler.Functions\AzureNightcrawler.Functions.csproj", "{8D9F2F39-F051-4EC2-9457-AC9E469A1A2E}"
EndProject
Global
	GlobalSection(SolutionConfigurationPlatforms) = preSolution
		Debug|Any CPU = Debug|Any CPU
		Release|Any CPU = Release|Any CPU
	EndGlobalSection
	GlobalSection(ProjectConfigurationPlatforms) = postSolution
		{8D9F2F39-F051-4EC2-9457-AC9E469A1A2E}.Debug|Any CPU.ActiveCfg = Debug|Any CPU
		{8D9F2F39-F051-4EC2-9457-AC9E469A1A2E}.Debug|Any CPU.Build.0 = Debug|Any CPU
		{8D9F2F39-F051-4EC2-9457-AC9E469A1A2E}.Release|Any CPU.ActiveCfg = Release|Any CPU
		{8D9F2F39-F051-4EC2-9457-AC9E469A1A2E}.Release|Any CPU.Build.0 = Release|Any CPU
	EndGlobalSection
	GlobalSection(SolutionProperties) = preSolution
		HideSolutionNode = FALSE
	EndGlobalSection
	GlobalSection(ExtensibilityGlobals) = postSolution
		SolutionGuid = {8601B474-C4FC-4C70-9908-BADCF71A8D28}
	EndGlobalSection
EndGlobal
